%{
  "accept": {:hex, :accept, "0.3.5", "b33b127abca7cc948bbe6caa4c263369abf1347cfa9d8e699c6d214660f10cd1", [:rebar3], [], "hexpm"},
  "auto_linker": {:git, "https://git.pleroma.social/pleroma/auto_linker.git", "95e8188490e97505c56636c1379ffdf036c1fdde", [ref: "95e8188490e97505c56636c1379ffdf036c1fdde"]},
  "base62": {:hex, :base62, "1.2.1", "4866763e08555a7b3917064e9eef9194c41667276c51b59de2bc42c6ea65f806", [:mix], [{:custom_base, "~> 0.2.1", [hex: :custom_base, repo: "hexpm", optional: false]}], "hexpm"},
  "base64url": {:hex, :base64url, "0.0.1", "36a90125f5948e3afd7be97662a1504b934dd5dac78451ca6e9abf85a10286be", [:rebar], [], "hexpm"},
  "bbcode": {:hex, :bbcode, "0.1.1", "0023e2c7814119b2e620b7add67182e3f6019f92bfec9a22da7e99821aceba70", [:mix], [{:nimble_parsec, "~> 0.5", [hex: :nimble_parsec, repo: "hexpm", optional: false]}], "hexpm"},
  "benchee": {:hex, :benchee, "1.0.1", "66b211f9bfd84bd97e6d1beaddf8fc2312aaabe192f776e8931cb0c16f53a521", [:mix], [{:deep_merge, "~> 1.0", [hex: :deep_merge, repo: "hexpm", optional: false]}], "hexpm"},
  "bunt": {:hex, :bunt, "0.2.0", "951c6e801e8b1d2cbe58ebbd3e616a869061ddadcc4863d0a2182541acae9a38", [:mix], [], "hexpm"},
  "cachex": {:hex, :cachex, "3.0.3", "4e2d3e05814a5738f5ff3903151d5c25636d72a3527251b753f501ad9c657967", [:mix], [{:eternal, "~> 1.2", [hex: :eternal, repo: "hexpm", optional: false]}, {:unsafe, "~> 1.0", [hex: :unsafe, repo: "hexpm", optional: false]}], "hexpm"},
  "calendar": {:hex, :calendar, "0.17.6", "ec291cb2e4ba499c2e8c0ef5f4ace974e2f9d02ae9e807e711a9b0c7850b9aee", [:mix], [{:tzdata, "~> 0.5.20 or ~> 0.1.201603 or ~> 1.0", [hex: :tzdata, repo: "hexpm", optional: false]}], "hexpm"},
  "certifi": {:hex, :certifi, "2.5.1", "867ce347f7c7d78563450a18a6a28a8090331e77fa02380b4a21962a65d36ee5", [:rebar3], [{:parse_trans, "~>3.3", [hex: :parse_trans, repo: "hexpm", optional: false]}], "hexpm"},
  "combine": {:hex, :combine, "0.10.0", "eff8224eeb56498a2af13011d142c5e7997a80c8f5b97c499f84c841032e429f", [:mix], [], "hexpm"},
  "comeonin": {:hex, :comeonin, "4.1.2", "3eb5620fd8e35508991664b4c2b04dd41e52f1620b36957be837c1d7784b7592", [:mix], [{:argon2_elixir, "~> 1.2", [hex: :argon2_elixir, repo: "hexpm", optional: true]}, {:bcrypt_elixir, "~> 0.12.1 or ~> 1.0", [hex: :bcrypt_elixir, repo: "hexpm", optional: true]}, {:pbkdf2_elixir, "~> 0.12", [hex: :pbkdf2_elixir, repo: "hexpm", optional: true]}], "hexpm"},
  "connection": {:hex, :connection, "1.0.4", "a1cae72211f0eef17705aaededacac3eb30e6625b04a6117c1b2db6ace7d5976", [:mix], [], "hexpm"},
  "cors_plug": {:hex, :cors_plug, "1.5.2", "72df63c87e4f94112f458ce9d25800900cc88608c1078f0e4faddf20933eda6e", [:mix], [{:plug, "~> 1.3 or ~> 1.4 or ~> 1.5", [hex: :plug, repo: "hexpm", optional: false]}], "hexpm"},
  "cowboy": {:hex, :cowboy, "2.7.0", "91ed100138a764355f43316b1d23d7ff6bdb0de4ea618cb5d8677c93a7a2f115", [:rebar3], [{:cowlib, "~> 2.8.0", [hex: :cowlib, repo: "hexpm", optional: false]}, {:ranch, "~> 1.7.1", [hex: :ranch, repo: "hexpm", optional: false]}], "hexpm"},
  "cowlib": {:hex, :cowlib, "2.8.0", "fd0ff1787db84ac415b8211573e9a30a3ebe71b5cbff7f720089972b2319c8a4", [:rebar3], [], "hexpm"},
  "credo": {:hex, :credo, "0.9.3", "76fa3e9e497ab282e0cf64b98a624aa11da702854c52c82db1bf24e54ab7c97a", [:mix], [{:bunt, "~> 0.2.0", [hex: :bunt, repo: "hexpm", optional: false]}, {:poison, ">= 0.0.0", [hex: :poison, repo: "hexpm", optional: false]}], "hexpm"},
  "crontab": {:hex, :crontab, "1.1.8", "2ce0e74777dfcadb28a1debbea707e58b879e6aa0ffbf9c9bb540887bce43617", [:mix], [{:ecto, "~> 1.0 or ~> 2.0 or ~> 3.0", [hex: :ecto, repo: "hexpm", optional: true]}], "hexpm"},
  "crypt": {:git, "https://github.com/msantos/crypt", "1f2b58927ab57e72910191a7ebaeff984382a1d3", [ref: "1f2b58927ab57e72910191a7ebaeff984382a1d3"]},
  "custom_base": {:hex, :custom_base, "0.2.1", "4a832a42ea0552299d81652aa0b1f775d462175293e99dfbe4d7dbaab785a706", [:mix], [], "hexpm"},
  "db_connection": {:hex, :db_connection, "2.1.1", "a51e8a2ee54ef2ae6ec41a668c85787ed40cb8944928c191280fe34c15b76ae5", [:mix], [{:connection, "~> 1.0.2", [hex: :connection, repo: "hexpm", optional: false]}], "hexpm"},
  "decimal": {:hex, :decimal, "1.8.0", "ca462e0d885f09a1c5a342dbd7c1dcf27ea63548c65a65e67334f4b61803822e", [:mix], [], "hexpm"},
  "deep_merge": {:hex, :deep_merge, "1.0.0", "b4aa1a0d1acac393bdf38b2291af38cb1d4a52806cf7a4906f718e1feb5ee961", [:mix], [], "hexpm"},
  "earmark": {:hex, :earmark, "1.4.2", "3aa0bd23bc4c61cf2f1e5d752d1bb470560a6f8539974f767a38923bb20e1d7f", [:mix], [], "hexpm"},
  "ecto": {:hex, :ecto, "3.2.3", "51274df79862845b388733fddcf6f107d0c8c86e27abe7131fa98f8d30761bda", [:mix], [{:decimal, "~> 1.6", [hex: :decimal, repo: "hexpm", optional: false]}, {:jason, "~> 1.0", [hex: :jason, repo: "hexpm", optional: true]}], "hexpm"},
  "ecto_sql": {:hex, :ecto_sql, "3.2.0", "751cea597e8deb616084894dd75cbabfdbe7255ff01e8c058ca13f0353a3921b", [:mix], [{:db_connection, "~> 2.1", [hex: :db_connection, repo: "hexpm", optional: false]}, {:ecto, "~> 3.2.0", [hex: :ecto, repo: "hexpm", optional: false]}, {:myxql, "~> 0.2.0", [hex: :myxql, repo: "hexpm", optional: true]}, {:postgrex, "~> 0.15.0", [hex: :postgrex, repo: "hexpm", optional: true]}, {:telemetry, "~> 0.4.0", [hex: :telemetry, repo: "hexpm", optional: false]}], "hexpm"},
  "esshd": {:hex, :esshd, "0.1.0", "6f93a2062adb43637edad0ea7357db2702a4b80dd9683482fe00f5134e97f4c1", [:mix], [], "hexpm"},
  "eternal": {:hex, :eternal, "1.2.1", "d5b6b2499ba876c57be2581b5b999ee9bdf861c647401066d3eeed111d096bc4", [:mix], [], "hexpm"},
  "ex2ms": {:hex, :ex2ms, "1.5.0", "19e27f9212be9a96093fed8cdfbef0a2b56c21237196d26760f11dfcfae58e97", [:mix], [], "hexpm"},
  "ex_aws": {:hex, :ex_aws, "2.1.1", "1e4de2106cfbf4e837de41be41cd15813eabc722315e388f0d6bb3732cec47cd", [:mix], [{:configparser_ex, "~> 4.0", [hex: :configparser_ex, repo: "hexpm", optional: true]}, {:hackney, "1.6.3 or 1.6.5 or 1.7.1 or 1.8.6 or ~> 1.9", [hex: :hackney, repo: "hexpm", optional: true]}, {:jsx, "~> 2.8", [hex: :jsx, repo: "hexpm", optional: true]}, {:poison, ">= 1.2.0", [hex: :poison, repo: "hexpm", optional: true]}, {:sweet_xml, "~> 0.6", [hex: :sweet_xml, repo: "hexpm", optional: true]}], "hexpm"},
  "ex_aws_s3": {:hex, :ex_aws_s3, "2.0.2", "c0258bbdfea55de4f98f0b2f0ca61fe402cc696f573815134beb1866e778f47b", [:mix], [{:ex_aws, "~> 2.0", [hex: :ex_aws, repo: "hexpm", optional: false]}, {:sweet_xml, ">= 0.0.0", [hex: :sweet_xml, repo: "hexpm", optional: true]}], "hexpm"},
  "ex_const": {:hex, :ex_const, "0.2.4", "d06e540c9d834865b012a17407761455efa71d0ce91e5831e86881b9c9d82448", [:mix], [], "hexpm"},
  "ex_doc": {:hex, :ex_doc, "0.21.2", "caca5bc28ed7b3bdc0b662f8afe2bee1eedb5c3cf7b322feeeb7c6ebbde089d6", [:mix], [{:earmark, "~> 1.3.3 or ~> 1.4", [hex: :earmark, repo: "hexpm", optional: false]}, {:makeup_elixir, "~> 0.14", [hex: :makeup_elixir, repo: "hexpm", optional: false]}], "hexpm"},
  "ex_machina": {:hex, :ex_machina, "2.3.0", "92a5ad0a8b10ea6314b876a99c8c9e3f25f4dde71a2a835845b136b9adaf199a", [:mix], [{:ecto, "~> 2.2 or ~> 3.0", [hex: :ecto, repo: "hexpm", optional: true]}, {:ecto_sql, "~> 3.0", [hex: :ecto_sql, repo: "hexpm", optional: true]}], "hexpm"},
  "ex_rated": {:hex, :ex_rated, "1.3.3", "30ecbdabe91f7eaa9d37fa4e81c85ba420f371babeb9d1910adbcd79ec798d27", [:mix], [{:ex2ms, "~> 1.5", [hex: :ex2ms, repo: "hexpm", optional: false]}], "hexpm"},
  "ex_syslogger": {:git, "https://github.com/slashmili/ex_syslogger.git", "f3963399047af17e038897c69e20d552e6899e1d", [tag: "1.4.0"]},
  "excoveralls": {:hex, :excoveralls, "0.11.2", "0c6f2c8db7683b0caa9d490fb8125709c54580b4255ffa7ad35f3264b075a643", [:mix], [{:hackney, "~> 1.0", [hex: :hackney, repo: "hexpm", optional: false]}, {:jason, "~> 1.0", [hex: :jason, repo: "hexpm", optional: false]}], "hexpm"},
  "fast_sanitize": {:git, "https://git.pleroma.social/pleroma/fast_sanitize.git", "cb92cc6f63b183863f5cecb0c740c34642da5216", [ref: "cb92cc6f63b183863f5cecb0c740c34642da5216"]},
  "flake_id": {:hex, :flake_id, "0.1.0", "7716b086d2e405d09b647121a166498a0d93d1a623bead243e1f74216079ccb3", [:mix], [{:base62, "~> 1.2", [hex: :base62, repo: "hexpm", optional: false]}, {:ecto, ">= 2.0.0", [hex: :ecto, repo: "hexpm", optional: true]}], "hexpm"},
  "floki": {:hex, :floki, "0.23.0", "956ab6dba828c96e732454809fb0bd8d43ce0979b75f34de6322e73d4c917829", [:mix], [{:html_entities, "~> 0.4.0", [hex: :html_entities, repo: "hexpm", optional: false]}], "hexpm"},
  "gen_smtp": {:hex, :gen_smtp, "0.15.0", "9f51960c17769b26833b50df0b96123605a8024738b62db747fece14eb2fbfcc", [:rebar3], [], "hexpm"},
  "gen_stage": {:hex, :gen_stage, "0.14.3", "d0c66f1c87faa301c1a85a809a3ee9097a4264b2edf7644bf5c123237ef732bf", [:mix], [], "hexpm"},
  "gen_state_machine": {:hex, :gen_state_machine, "2.0.5", "9ac15ec6e66acac994cc442dcc2c6f9796cf380ec4b08267223014be1c728a95", [:mix], [], "hexpm"},
  "gettext": {:hex, :gettext, "0.17.1", "8baab33482df4907b3eae22f719da492cee3981a26e649b9c2be1c0192616962", [:mix], [], "hexpm"},
  "hackney": {:hex, :hackney, "1.15.2", "07e33c794f8f8964ee86cebec1a8ed88db5070e52e904b8f12209773c1036085", [:rebar3], [{:certifi, "2.5.1", [hex: :certifi, repo: "hexpm", optional: false]}, {:idna, "6.0.0", [hex: :idna, repo: "hexpm", optional: false]}, {:metrics, "1.0.1", [hex: :metrics, repo: "hexpm", optional: false]}, {:mimerl, "~>1.1", [hex: :mimerl, repo: "hexpm", optional: false]}, {:ssl_verify_fun, "1.1.5", [hex: :ssl_verify_fun, repo: "hexpm", optional: false]}], "hexpm"},
  "html_entities": {:hex, :html_entities, "0.4.0", "f2fee876858cf6aaa9db608820a3209e45a087c5177332799592142b50e89a6b", [:mix], [], "hexpm"},
  "html_sanitize_ex": {:hex, :html_sanitize_ex, "1.3.0", "f005ad692b717691203f940c686208aa3d8ffd9dd4bb3699240096a51fa9564e", [:mix], [{:mochiweb, "~> 2.15", [hex: :mochiweb, repo: "hexpm", optional: false]}], "hexpm"},
  "http_signatures": {:git, "https://git.pleroma.social/pleroma/http_signatures.git", "293d77bb6f4a67ac8bde1428735c3b42f22cbb30", [ref: "293d77bb6f4a67ac8bde1428735c3b42f22cbb30"]},
  "httpoison": {:hex, :httpoison, "1.6.1", "2ce5bf6e535cd0ab02e905ba8c276580bab80052c5c549f53ddea52d72e81f33", [:mix], [{:hackney, "~> 1.15 and >= 1.15.2", [hex: :hackney, repo: "hexpm", optional: false]}], "hexpm"},
  "idna": {:hex, :idna, "6.0.0", "689c46cbcdf3524c44d5f3dde8001f364cd7608a99556d8fbd8239a5798d4c10", [:rebar3], [{:unicode_util_compat, "0.4.1", [hex: :unicode_util_compat, repo: "hexpm", optional: false]}], "hexpm"},
  "inet_cidr": {:hex, :inet_cidr, "1.0.4", "a05744ab7c221ca8e395c926c3919a821eb512e8f36547c062f62c4ca0cf3d6e", [:mix], [], "hexpm"},
  "jason": {:hex, :jason, "1.1.2", "b03dedea67a99223a2eaf9f1264ce37154564de899fd3d8b9a21b1a6fd64afe7", [:mix], [{:decimal, "~> 1.0", [hex: :decimal, repo: "hexpm", optional: true]}], "hexpm"},
  "joken": {:hex, :joken, "2.1.0", "bf21a73105d82649f617c5e59a7f8919aa47013d2519ebcc39d998d8d12adda9", [:mix], [{:jose, "~> 1.9", [hex: :jose, repo: "hexpm", optional: false]}], "hexpm"},
  "jose": {:hex, :jose, "1.9.0", "4167c5f6d06ffaebffd15cdb8da61a108445ef5e85ab8f5a7ad926fdf3ada154", [:mix, :rebar3], [{:base64url, "~> 0.0.1", [hex: :base64url, repo: "hexpm", optional: false]}], "hexpm"},
  "libring": {:hex, :libring, "1.4.0", "41246ba2f3fbc76b3971f6bce83119dfec1eee17e977a48d8a9cfaaf58c2a8d6", [:mix], [], "hexpm"},
  "makeup": {:hex, :makeup, "1.0.0", "671df94cf5a594b739ce03b0d0316aa64312cee2574b6a44becb83cd90fb05dc", [:mix], [{:nimble_parsec, "~> 0.5.0", [hex: :nimble_parsec, repo: "hexpm", optional: false]}], "hexpm"},
  "makeup_elixir": {:hex, :makeup_elixir, "0.14.0", "cf8b7c66ad1cff4c14679698d532f0b5d45a3968ffbcbfd590339cb57742f1ae", [:mix], [{:makeup, "~> 1.0", [hex: :makeup, repo: "hexpm", optional: false]}], "hexpm"},
  "meck": {:hex, :meck, "0.8.13", "ffedb39f99b0b99703b8601c6f17c7f76313ee12de6b646e671e3188401f7866", [:rebar3], [], "hexpm"},
  "metrics": {:hex, :metrics, "1.0.1", "25f094dea2cda98213cecc3aeff09e940299d950904393b2a29d191c346a8486", [:rebar3], [], "hexpm"},
  "mime": {:hex, :mime, "1.3.1", "30ce04ab3175b6ad0bdce0035cba77bba68b813d523d1aac73d9781b4d193cf8", [:mix], [], "hexpm"},
  "mimerl": {:hex, :mimerl, "1.2.0", "67e2d3f571088d5cfd3e550c383094b47159f3eee8ffa08e64106cdf5e981be3", [:rebar3], [], "hexpm"},
  "mochiweb": {:hex, :mochiweb, "2.18.0", "eb55f1db3e6e960fac4e6db4e2db9ec3602cc9f30b86cd1481d56545c3145d2e", [:rebar3], [], "hexpm"},
  "mock": {:hex, :mock, "0.3.3", "42a433794b1291a9cf1525c6d26b38e039e0d3a360732b5e467bfc77ef26c914", [:mix], [{:meck, "~> 0.8.13", [hex: :meck, repo: "hexpm", optional: false]}], "hexpm"},
  "mogrify": {:hex, :mogrify, "0.6.1", "de1b527514f2d95a7bbe9642eb556061afb337e220cf97adbf3a4e6438ed70af", [:mix], [], "hexpm"},
  "mox": {:hex, :mox, "0.5.1", "f86bb36026aac1e6f924a4b6d024b05e9adbed5c63e8daa069bd66fb3292165b", [:mix], [], "hexpm"},
  "myhtmlex": {:git, "https://git.pleroma.social/pleroma/myhtmlex.git", "4288bda52c53a2d416afa09e1007a881eb2dafab", [ref: "4288bda52c53a2d416afa09e1007a881eb2dafab", submodules: true]},
  "nimble_parsec": {:hex, :nimble_parsec, "0.5.1", "c90796ecee0289dbb5ad16d3ad06f957b0cd1199769641c961cfe0b97db190e0", [:mix], [], "hexpm"},
  "nodex": {:git, "https://git.pleroma.social/pleroma/nodex", "cb6730f943cfc6aad674c92161be23a8411f15d1", [ref: "cb6730f943cfc6aad674c92161be23a8411f15d1"]},
  "oban": {:hex, :oban, "0.8.1", "4bbf62eb1829f856d69aeb5069ac7036afe07db8221a17de2a9169cc7a58a318", [:mix], [{:ecto_sql, "~> 3.1", [hex: :ecto_sql, repo: "hexpm", optional: false]}, {:jason, "~> 1.1", [hex: :jason, repo: "hexpm", optional: false]}, {:postgrex, "~> 0.14", [hex: :postgrex, repo: "hexpm", optional: false]}, {:telemetry, "~> 0.4", [hex: :telemetry, repo: "hexpm", optional: false]}], "hexpm"},
  "parse_trans": {:hex, :parse_trans, "3.3.0", "09765507a3c7590a784615cfd421d101aec25098d50b89d7aa1d66646bc571c1", [:rebar3], [], "hexpm"},
  "pbkdf2_elixir": {:hex, :pbkdf2_elixir, "0.12.4", "8dd29ed783f2e12195d7e0a4640effc0a7c37e6537da491f1db01839eee6d053", [:mix], [], "hexpm"},
  "phoenix": {:hex, :phoenix, "1.4.10", "619e4a545505f562cd294df52294372d012823f4fd9d34a6657a8b242898c255", [:mix], [{:jason, "~> 1.0", [hex: :jason, repo: "hexpm", optional: true]}, {:phoenix_pubsub, "~> 1.1", [hex: :phoenix_pubsub, repo: "hexpm", optional: false]}, {:plug, "~> 1.8.1 or ~> 1.9", [hex: :plug, repo: "hexpm", optional: false]}, {:plug_cowboy, "~> 1.0 or ~> 2.0", [hex: :plug_cowboy, repo: "hexpm", optional: true]}, {:telemetry, "~> 0.4", [hex: :telemetry, repo: "hexpm", optional: false]}], "hexpm"},
  "phoenix_ecto": {:hex, :phoenix_ecto, "4.0.0", "c43117a136e7399ea04ecaac73f8f23ee0ffe3e07acfcb8062fe5f4c9f0f6531", [:mix], [{:ecto, "~> 3.0", [hex: :ecto, repo: "hexpm", optional: false]}, {:phoenix_html, "~> 2.9", [hex: :phoenix_html, repo: "hexpm", optional: true]}, {:plug, "~> 1.0", [hex: :plug, repo: "hexpm", optional: false]}], "hexpm"},
  "phoenix_html": {:hex, :phoenix_html, "2.13.3", "850e292ff6e204257f5f9c4c54a8cb1f6fbc16ed53d360c2b780a3d0ba333867", [:mix], [{:plug, "~> 1.5", [hex: :plug, repo: "hexpm", optional: false]}], "hexpm"},
  "phoenix_pubsub": {:hex, :phoenix_pubsub, "1.1.2", "496c303bdf1b2e98a9d26e89af5bba3ab487ba3a3735f74bf1f4064d2a845a3e", [:mix], [], "hexpm"},
  "phoenix_swoosh": {:hex, :phoenix_swoosh, "0.2.0", "a7e0b32077cd6d2323ae15198839b05d9caddfa20663fd85787479e81f89520e", [:mix], [{:phoenix, "~> 1.0", [hex: :phoenix, repo: "hexpm", optional: false]}, {:phoenix_html, "~> 2.2", [hex: :phoenix_html, repo: "hexpm", optional: false]}, {:swoosh, "~> 0.1", [hex: :swoosh, repo: "hexpm", optional: false]}], "hexpm"},
  "plug": {:hex, :plug, "1.8.3", "12d5f9796dc72e8ac9614e94bda5e51c4c028d0d428e9297650d09e15a684478", [:mix], [{:mime, "~> 1.0", [hex: :mime, repo: "hexpm", optional: false]}, {:plug_crypto, "~> 1.0", [hex: :plug_crypto, repo: "hexpm", optional: false]}, {:telemetry, "~> 0.4", [hex: :telemetry, repo: "hexpm", optional: true]}], "hexpm"},
  "plug_cowboy": {:hex, :plug_cowboy, "2.1.0", "b75768153c3a8a9e8039d4b25bb9b14efbc58e9c4a6e6a270abff1cd30cbe320", [:mix], [{:cowboy, "~> 2.5", [hex: :cowboy, repo: "hexpm", optional: false]}, {:plug, "~> 1.7", [hex: :plug, repo: "hexpm", optional: false]}], "hexpm"},
  "plug_crypto": {:hex, :plug_crypto, "1.0.0", "18e49317d3fa343f24620ed22795ec29d4a5e602d52d1513ccea0b07d8ea7d4d", [:mix], [], "hexpm"},
  "plug_static_index_html": {:hex, :plug_static_index_html, "1.0.0", "840123d4d3975585133485ea86af73cb2600afd7f2a976f9f5fd8b3808e636a0", [:mix], [{:plug, "~> 1.0", [hex: :plug, repo: "hexpm", optional: false]}], "hexpm"},
  "poison": {:hex, :poison, "3.1.0", "d9eb636610e096f86f25d9a46f35a9facac35609a7591b3be3326e99a0484665", [:mix], [], "hexpm"},
  "poolboy": {:hex, :poolboy, "1.5.2", "392b007a1693a64540cead79830443abf5762f5d30cf50bc95cb2c1aaafa006b", [:rebar3], [], "hexpm"},
  "postgrex": {:hex, :postgrex, "0.15.1", "23ce3417de70f4c0e9e7419ad85bdabcc6860a6925fe2c6f3b1b5b1e8e47bf2f", [:mix], [{:connection, "~> 1.0", [hex: :connection, repo: "hexpm", optional: false]}, {:db_connection, "~> 2.1", [hex: :db_connection, repo: "hexpm", optional: false]}, {:decimal, "~> 1.5", [hex: :decimal, repo: "hexpm", optional: false]}, {:jason, "~> 1.0", [hex: :jason, repo: "hexpm", optional: true]}], "hexpm"},
  "prometheus": {:hex, :prometheus, "4.4.1", "1e96073b3ed7788053768fea779cbc896ddc3bdd9ba60687f2ad50b252ac87d6", [:mix, :rebar3], [], "hexpm"},
  "prometheus_ecto": {:hex, :prometheus_ecto, "1.4.3", "3dd4da1812b8e0dbee81ea58bb3b62ed7588f2eae0c9e97e434c46807ff82311", [:mix], [{:ecto, "~> 2.0 or ~> 3.0", [hex: :ecto, repo: "hexpm", optional: false]}, {:prometheus_ex, "~> 1.1 or ~> 2.0 or ~> 3.0", [hex: :prometheus_ex, repo: "hexpm", optional: false]}], "hexpm"},
  "prometheus_ex": {:hex, :prometheus_ex, "3.0.5", "fa58cfd983487fc5ead331e9a3e0aa622c67232b3ec71710ced122c4c453a02f", [:mix], [{:prometheus, "~> 4.0", [hex: :prometheus, repo: "hexpm", optional: false]}], "hexpm"},
  "prometheus_phoenix": {:hex, :prometheus_phoenix, "1.3.0", "c4b527e0b3a9ef1af26bdcfbfad3998f37795b9185d475ca610fe4388fdd3bb5", [:mix], [{:phoenix, "~> 1.4", [hex: :phoenix, repo: "hexpm", optional: false]}, {:prometheus_ex, "~> 1.3 or ~> 2.0 or ~> 3.0", [hex: :prometheus_ex, repo: "hexpm", optional: false]}], "hexpm"},
  "prometheus_plugs": {:hex, :prometheus_plugs, "1.1.5", "25933d48f8af3a5941dd7b621c889749894d8a1082a6ff7c67cc99dec26377c5", [:mix], [{:accept, "~> 0.1", [hex: :accept, repo: "hexpm", optional: false]}, {:plug, "~> 1.0", [hex: :plug, repo: "hexpm", optional: false]}, {:prometheus_ex, "~> 1.1 or ~> 2.0 or ~> 3.0", [hex: :prometheus_ex, repo: "hexpm", optional: false]}, {:prometheus_process_collector, "~> 1.1", [hex: :prometheus_process_collector, repo: "hexpm", optional: true]}], "hexpm"},
  "quack": {:hex, :quack, "0.1.1", "cca7b4da1a233757fdb44b3334fce80c94785b3ad5a602053b7a002b5a8967bf", [:mix], [{:poison, ">= 1.0.0", [hex: :poison, repo: "hexpm", optional: false]}, {:tesla, "~> 1.2.0", [hex: :tesla, repo: "hexpm", optional: false]}], "hexpm"},
  "quantum": {:hex, :quantum, "2.3.4", "72a0e8855e2adc101459eac8454787cb74ab4169de6ca50f670e72142d4960e9", [:mix], [{:calendar, "~> 0.17", [hex: :calendar, repo: "hexpm", optional: true]}, {:crontab, "~> 1.1", [hex: :crontab, repo: "hexpm", optional: false]}, {:gen_stage, "~> 0.12", [hex: :gen_stage, repo: "hexpm", optional: false]}, {:swarm, "~> 3.3", [hex: :swarm, repo: "hexpm", optional: false]}, {:timex, "~> 3.1", [hex: :timex, repo: "hexpm", optional: true]}], "hexpm"},
  "ranch": {:hex, :ranch, "1.7.1", "6b1fab51b49196860b733a49c07604465a47bdb78aa10c1c16a3d199f7f8c881", [:rebar3], [], "hexpm"},
  "recon": {:git, "https://github.com/ferd/recon.git", "75d70c7c08926d2f24f1ee6de14ee50fe8a52763", [tag: "2.4.0"]},
  "remote_ip": {:git, "https://git.pleroma.social/pleroma/remote_ip.git", "825dc00aaba5a1b7c4202a532b696b595dd3bcb3", [ref: "825dc00aaba5a1b7c4202a532b696b595dd3bcb3"]},
  "ssl_verify_fun": {:hex, :ssl_verify_fun, "1.1.5", "6eaf7ad16cb568bb01753dbbd7a95ff8b91c7979482b95f38443fe2c8852a79b", [:make, :mix, :rebar3], [], "hexpm"},
  "swarm": {:hex, :swarm, "3.4.0", "64f8b30055d74640d2186c66354b33b999438692a91be275bb89cdc7e401f448", [:mix], [{:gen_state_machine, "~> 2.0", [hex: :gen_state_machine, repo: "hexpm", optional: false]}, {:libring, "~> 1.0", [hex: :libring, repo: "hexpm", optional: false]}], "hexpm"},
  "sweet_xml": {:hex, :sweet_xml, "0.6.6", "fc3e91ec5dd7c787b6195757fbcf0abc670cee1e4172687b45183032221b66b8", [:mix], [], "hexpm"},
  "swoosh": {:hex, :swoosh, "0.23.5", "bfd9404bbf5069b1be2ffd317923ce57e58b332e25dbca2a35dedd7820dfee5a", [:mix], [{:cowboy, "~> 1.0.1 or ~> 1.1 or ~> 2.4", [hex: :cowboy, repo: "hexpm", optional: true]}, {:gen_smtp, "~> 0.13", [hex: :gen_smtp, repo: "hexpm", optional: true]}, {:hackney, "~> 1.9", [hex: :hackney, repo: "hexpm", optional: false]}, {:jason, "~> 1.0", [hex: :jason, repo: "hexpm", optional: false]}, {:mail, "~> 0.2", [hex: :mail, repo: "hexpm", optional: true]}, {:mime, "~> 1.1", [hex: :mime, repo: "hexpm", optional: false]}, {:plug_cowboy, ">= 1.0.0", [hex: :plug_cowboy, repo: "hexpm", optional: true]}], "hexpm"},
  "syslog": {:git, "https://github.com/Vagabond/erlang-syslog.git", "4a6c6f2c996483e86c1320e9553f91d337bcb6aa", [tag: "1.0.5"]},
  "telemetry": {:hex, :telemetry, "0.4.0", "8339bee3fa8b91cb84d14c2935f8ecf399ccd87301ad6da6b71c09553834b2ab", [:rebar3], [], "hexpm"},
  "tesla": {:hex, :tesla, "1.3.0", "f35d72f029e608f9cdc6f6d6fcc7c66cf6d6512a70cfef9206b21b8bd0203a30", [:mix], [{:castore, "~> 0.1", [hex: :castore, repo: "hexpm", optional: true]}, {:exjsx, ">= 3.0.0", [hex: :exjsx, repo: "hexpm", optional: true]}, {:fuse, "~> 2.4", [hex: :fuse, repo: "hexpm", optional: true]}, {:gun, "~> 1.3", [hex: :gun, repo: "hexpm", optional: true]}, {:hackney, "~> 1.6", [hex: :hackney, repo: "hexpm", optional: true]}, {:ibrowse, "~> 4.4.0", [hex: :ibrowse, repo: "hexpm", optional: true]}, {:jason, ">= 1.0.0", [hex: :jason, repo: "hexpm", optional: true]}, {:mime, "~> 1.0", [hex: :mime, repo: "hexpm", optional: false]}, {:mint, "~> 0.4", [hex: :mint, repo: "hexpm", optional: true]}, {:poison, ">= 1.0.0", [hex: :poison, repo: "hexpm", optional: true]}, {:telemetry, "~> 0.3", [hex: :telemetry, repo: "hexpm", optional: true]}], "hexpm"},
  "timex": {:hex, :timex, "3.6.1", "efdf56d0e67a6b956cc57774353b0329c8ab7726766a11547e529357ffdc1d56", [:mix], [{:combine, "~> 0.10", [hex: :combine, repo: "hexpm", optional: false]}, {:gettext, "~> 0.10", [hex: :gettext, repo: "hexpm", optional: false]}, {:tzdata, "~> 0.1.8 or ~> 0.5 or ~> 1.0.0", [hex: :tzdata, repo: "hexpm", optional: false]}], "hexpm"},
  "trailing_format_plug": {:hex, :trailing_format_plug, "0.0.7", "64b877f912cf7273bed03379936df39894149e35137ac9509117e59866e10e45", [:mix], [{:plug, "> 0.12.0", [hex: :plug, repo: "hexpm", optional: false]}], "hexpm"},
  "tzdata": {:hex, :tzdata, "0.5.22", "f2ba9105117ee0360eae2eca389783ef7db36d533899b2e84559404dbc77ebb8", [:mix], [{:hackney, "~> 1.0", [hex: :hackney, repo: "hexpm", optional: false]}], "hexpm"},
  "ueberauth": {:hex, :ueberauth, "0.6.2", "25a31111249d60bad8b65438b2306a4dc91f3208faa62f5a8c33e8713989b2e8", [:mix], [{:plug, "~> 1.5", [hex: :plug, repo: "hexpm", optional: false]}], "hexpm"},
  "unicode_util_compat": {:hex, :unicode_util_compat, "0.4.1", "d869e4c68901dd9531385bb0c8c40444ebf624e60b6962d95952775cac5e90cd", [:rebar3], [], "hexpm"},
  "unsafe": {:hex, :unsafe, "1.0.1", "a27e1874f72ee49312e0a9ec2e0b27924214a05e3ddac90e91727bc76f8613d8", [:mix], [], "hexpm"},
  "web_push_encryption": {:hex, :web_push_encryption, "0.2.3", "a0ceab85a805a30852f143d22d71c434046fbdbafbc7292e7887cec500826a80", [:mix], [{:httpoison, "~> 1.0", [hex: :httpoison, repo: "hexpm", optional: false]}, {:jose, "~> 1.8", [hex: :jose, repo: "hexpm", optional: false]}, {:poison, "~> 3.0", [hex: :poison, repo: "hexpm", optional: false]}], "hexpm"},
  "websocket_client": {:git, "https://github.com/jeremyong/websocket_client.git", "9a6f65d05ebf2725d62fb19262b21f1805a59fbf", []},
}
